// !$*UTF8*$!
{
	archiveVersion = 1;
	classes = {
	};
	objectVersion = 50;
	objects = {

/* Begin PBXBuildFile section */
		212DC3312136089A00362A56 /* DetailDataSource.swift in Sources */ = {isa = PBXBuildFile; fileRef = 212DC3302136089A00362A56 /* DetailDataSource.swift */; };
		21B4E942213357EC00BE8763 /* AppDelegate.swift in Sources */ = {isa = PBXBuildFile; fileRef = 21B4E941213357EC00BE8763 /* AppDelegate.swift */; };
		21B4E947213357EC00BE8763 /* Main.storyboard in Resources */ = {isa = PBXBuildFile; fileRef = 21B4E945213357EC00BE8763 /* Main.storyboard */; };
		21B4E949213357F200BE8763 /* Assets.xcassets in Resources */ = {isa = PBXBuildFile; fileRef = 21B4E948213357F200BE8763 /* Assets.xcassets */; };
		21B4E94C213357F200BE8763 /* LaunchScreen.storyboard in Resources */ = {isa = PBXBuildFile; fileRef = 21B4E94A213357F200BE8763 /* LaunchScreen.storyboard */; };
		21B4E954213358C600BE8763 /* MainViewController.swift in Sources */ = {isa = PBXBuildFile; fileRef = 21B4E953213358C600BE8763 /* MainViewController.swift */; };
		21B4E95621335B9500BE8763 /* DetailViewController.swift in Sources */ = {isa = PBXBuildFile; fileRef = 21B4E95521335B9500BE8763 /* DetailViewController.swift */; };
/* End PBXBuildFile section */

/* Begin PBXFileReference section */
		212DC3302136089A00362A56 /* DetailDataSource.swift */ = {isa = PBXFileReference; lastKnownFileType = sourcecode.swift; path = DetailDataSource.swift; sourceTree = "<group>"; };
		21B4E93E213357EC00BE8763 /* TwoViewNavDetail01.app */ = {isa = PBXFileReference; explicitFileType = wrapper.application; includeInIndex = 0; path = TwoViewNavDetail01.app; sourceTree = BUILT_PRODUCTS_DIR; };
		21B4E941213357EC00BE8763 /* AppDelegate.swift */ = {isa = PBXFileReference; lastKnownFileType = sourcecode.swift; path = AppDelegate.swift; sourceTree = "<group>"; };
		21B4E946213357EC00BE8763 /* Base */ = {isa = PBXFileReference; lastKnownFileType = file.storyboard; name = Base; path = Base.lproj/Main.storyboard; sourceTree = "<group>"; };
		21B4E948213357F200BE8763 /* Assets.xcassets */ = {isa = PBXFileReference; lastKnownFileType = folder.assetcatalog; path = Assets.xcassets; sourceTree = "<group>"; };
		21B4E94B213357F200BE8763 /* Base */ = {isa = PBXFileReference; lastKnownFileType = file.storyboard; name = Base; path = Base.lproj/LaunchScreen.storyboard; sourceTree = "<group>"; };
		21B4E94D213357F200BE8763 /* Info.plist */ = {isa = PBXFileReference; lastKnownFileType = text.plist.xml; path = Info.plist; sourceTree = "<group>"; };
		21B4E953213358C600BE8763 /* MainViewController.swift */ = {isa = PBXFileReference; lastKnownFileType = sourcecode.swift; path = MainViewController.swift; sourceTree = "<group>"; };
		21B4E95521335B9500BE8763 /* DetailViewController.swift */ = {isa = PBXFileReference; lastKnownFileType = sourcecode.swift; path = DetailViewController.swift; sourceTree = "<group>"; };
/* End PBXFileReference section */

/* Begin PBXFrameworksBuildPhase section */
		21B4E93B213357EC00BE8763 /* Frameworks */ = {
			isa = PBXFrameworksBuildPhase;
			buildActionMask = 2147483647;
			files = (
			);
			runOnlyForDeploymentPostprocessing = 0;
		};
/* End PBXFrameworksBuildPhase section */

/* Begin PBXGroup section */
		21B4E935213357EC00BE8763 = {
			isa = PBXGroup;
			children = (
				21B4E940213357EC00BE8763 /* TwoViewNavDetail01 */,
				21B4E93F213357EC00BE8763 /* Products */,
			);
			sourceTree = "<group>";
		};
		21B4E93F213357EC00BE8763 /* Products */ = {
			isa = PBXGroup;
			children = (
				21B4E93E213357EC00BE8763 /* TwoViewNavDetail01.app */,
			);
			name = Products;
			sourceTree = "<group>";
		};
		21B4E940213357EC00BE8763 /* TwoViewNavDetail01 */ = {
			isa = PBXGroup;
			children = (
				21B4E941213357EC00BE8763 /* AppDelegate.swift */,
				21B4E945213357EC00BE8763 /* Main.storyboard */,
				21B4E953213358C600BE8763 /* MainViewController.swift */,
				21B4E95521335B9500BE8763 /* DetailViewController.swift */,
				212DC3302136089A00362A56 /* DetailDataSource.swift */,
				21B4E948213357F200BE8763 /* Assets.xcassets */,
				21B4E94A213357F200BE8763 /* LaunchScreen.storyboard */,
				21B4E94D213357F200BE8763 /* Info.plist */,
			);
			path = TwoViewNavDetail01;
			sourceTree = "<group>";
		};
/* End PBXGroup section */

/* Begin PBXNativeTarget section */
		21B4E93D213357EC00BE8763 /* TwoViewNavDetail01 */ = {
			isa = PBXNativeTarget;
			buildConfigurationList = 21B4E950213357F200BE8763 /* Build configuration list for PBXNativeTarget "TwoViewNavDetail01" */;
			buildPhases = (
				21B4E93A213357EC00BE8763 /* Sources */,
				21B4E93B213357EC00BE8763 /* Frameworks */,
				21B4E93C213357EC00BE8763 /* Resources */,
			);
			buildRules = (
			);
			dependencies = (
			);
			name = TwoViewNavDetail01;
			productName = TwoViewNavDetail01;
			productReference = 21B4E93E213357EC00BE8763 /* TwoViewNavDetail01.app */;
			productType = "com.apple.product-type.application";
		};
/* End PBXNativeTarget section */

/* Begin PBXProject section */
		21B4E936213357EC00BE8763 /* Project object */ = {
			isa = PBXProject;
			attributes = {
				LastSwiftUpdateCheck = 0940;
				LastUpgradeCheck = 0940;
				ORGANIZATIONNAME = "clarity for action";
				TargetAttributes = {
					21B4E93D213357EC00BE8763 = {
						CreatedOnToolsVersion = 9.4.1;
					};
				};
			};
			buildConfigurationList = 21B4E939213357EC00BE8763 /* Build configuration list for PBXProject "TwoViewNavDetail01" */;
			compatibilityVersion = "Xcode 9.3";
			developmentRegion = en;
			hasScannedForEncodings = 0;
			knownRegions = (
				en,
				Base,
			);
			mainGroup = 21B4E935213357EC00BE8763;
			productRefGroup = 21B4E93F213357EC00BE8763 /* Products */;
			projectDirPath = "";
			projectRoot = "";
			targets = (
				21B4E93D213357EC00BE8763 /* TwoViewNavDetail01 */,
			);
		};
/* End PBXProject section */

/* Begin PBXResourcesBuildPhase section */
		21B4E93C213357EC00BE8763 /* Resources */ = {
			isa = PBXResourcesBuildPhase;
			buildActionMask = 2147483647;
			files = (
				21B4E94C213357F200BE8763 /* LaunchScreen.storyboard in Resources */,
				21B4E949213357F200BE8763 /* Assets.xcassets in Resources */,
				21B4E947213357EC00BE8763 /* Main.storyboard in Resources */,
			);
			runOnlyForDeploymentPostprocessing = 0;
		};
/* End PBXResourcesBuildPhase section */

/* Begin PBXSourcesBuildPhase section */
		21B4E93A213357EC00BE8763 /* Sources */ = {
			isa = PBXSourcesBuildPhase;
			buildActionMask = 2147483647;
			files = (
				21B4E95621335B9500BE8763 /* DetailViewController.swift in Sources */,
				21B4E942213357EC00BE8763 /* AppDelegate.swift in Sources */,
				21B4E954213358C600BE8763 /* MainViewController.swift in Sources */,
				212DC3312136089A00362A56 /* DetailDataSource.swift in Sources */,
			);
			runOnlyForDeploymentPostprocessing = 0;
		};
/* End PBXSourcesBuildPhase section */

/* Begin PBXVariantGroup section */
		21B4E945213357EC00BE8763 /* Main.storyboard */ = {
			isa = PBXVariantGroup;
			children = (
				21B4E946213357EC00BE8763 /* Base */,
			);
			name = Main.storyboard;
			sourceTree = "<group>";
		};
		21B4E94A213357F200BE8763 /* LaunchScreen.storyboard */ = {
			isa = PBXVariantGroup;
			children = (
				21B4E94B213357F200BE8763 /* Base */,
			);
			name = LaunchScreen.storyboard;
			sourceTree = "<group>";
		};
/* End PBXVariantGroup section */

/* Begin XCBuildConfiguration section */
		21B4E94E213357F200BE8763 /* Debug */ = {
			isa = XCBuildConfiguration;
			buildSettings = {
				ALWAYS_SEARCH_USER_PATHS = NO;
				CLANG_ANALYZER_NONNULL = YES;
				CLANG_ANALYZER_NUMBER_OBJECT_CONVERSION = YES_AGGRESSIVE;
				CLANG_CXX_LANGUAGE_STANDARD = "gnu++14";
				CLANG_CXX_LIBRARY = "libc++";
				CLANG_ENABLE_MODULES = YES;
				CLANG_ENABLE_OBJC_ARC = YES;
				CLANG_ENABLE_OBJC_WEAK = YES;
				CLANG_WARN_BLOCK_CAPTURE_AUTORELEASING = YES;
				CLANG_WARN_BOOL_CONVERSION = YES;
				CLANG_WARN_COMMA = YES;
				CLANG_WARN_CONSTANT_CONVERSION = YES;
				CLANG_WARN_DEPRECATED_OBJC_IMPLEMENTATIONS = YES;
				CLANG_WARN_DIRECT_OBJC_ISA_USAGE = YES_ERROR;
				CLANG_WARN_DOCUMENTATION_COMMENTS = YES;
				CLANG_WARN_EMPTY_BODY = YES;
				CLANG_WARN_ENUM_CONVERSION = YES;
				CLANG_WARN_INFINITE_RECURSION = YES;
				CLANG_WARN_INT_CONVERSION = YES;
				CLANG_WARN_NON_LITERAL_NULL_CONVERSION = YES;
				CLANG_WARN_OBJC_IMPLICIT_RETAIN_SELF = YES;
				CLANG_WARN_OBJC_LITERAL_CONVERSION = YES;
				CLANG_WARN_OBJC_ROOT_CLASS = YES_ERROR;
				CLANG_WARN_RANGE_LOOP_ANALYSIS = YES;
				CLANG_WARN_STRICT_PROTOTYPES = YES;
				CLANG_WARN_SUSPICIOUS_MOVE = YES;
				CLANG_WARN_UNGUARDED_AVAILABILITY = YES_AGGRESSIVE;
				CLANG_WARN_UNREACHABLE_CODE = YES;
				CLANG_WARN__DUPLICATE_METHOD_MATCH = YES;
				CODE_SIGN_IDENTITY = "iPhone Developer";
				COPY_PHASE_STRIP = NO;
				DEBUG_INFORMATION_FORMAT = dwarf;
				ENABLE_STRICT_OBJC_MSGSEND = YES;
				ENABLE_TESTABILITY = YES;
				GCC_C_LANGUAGE_STANDARD = gnu11;
				GCC_DYNAMIC_NO_PIC = NO;
				GCC_NO_COMMON_BLOCKS = YES;
				GCC_OPTIMIZATION_LEVEL = 0;
				GCC_PREPROCESSOR_DEFINITIONS = (
					"DEBUG=1",
					"$(inherited)",
				);
				GCC_WARN_64_TO_32_BIT_CONVERSION = YES;
				GCC_WARN_ABOUT_RETURN_TYPE = YES_ERROR;
				GCC_WARN_UNDECLARED_SELECTOR = YES;
				GCC_WARN_UNINITIALIZED_AUTOS = YES_AGGRESSIVE;
				GCC_WARN_UNUSED_FUNCTION = YES;
				GCC_WARN_UNUSED_VARIABLE = YES;
				IPHONEOS_DEPLOYMENT_TARGET = 11.4;
				MTL_ENABLE_DEBUG_INFO = YES;
				ONLY_ACTIVE_ARCH = YES;
				SDKROOT = iphoneos;
				SWIFT_ACTIVE_COMPILATION_CONDITIONS = DEBUG;
				SWIFT_OPTIMIZATION_LEVEL = "-Onone";
			};
			name = Debug;
		};
		21B4E94F213357F200BE8763 /* Release */ = {
			isa = XCBuildConfiguration;
			buildSettings = {
				ALWAYS_SEARCH_USER_PATHS = NO;
				CLANG_ANALYZER_NONNULL = YES;
				CLANG_ANALYZER_NUMBER_OBJECT_CONVERSION = YES_AGGRESSIVE;
				CLANG_CXX_LANGUAGE_STANDARD = "gnu++14";
				CLANG_CXX_LIBRARY = "libc++";
				CLANG_ENABLE_MODULES = YES;
				CLANG_ENABLE_OBJC_ARC = YES;
				CLANG_ENABLE_OBJC_WEAK = YES;
				CLANG_WARN_BLOCK_CAPTURE_AUTORELEASING = YES;
				CLANG_WARN_BOOL_CONVERSION = YES;
				CLANG_WARN_COMMA = YES;
				CLANG_WARN_CONSTANT_CONVERSION = YES;
				CLANG_WARN_DEPRECATED_OBJC_IMPLEMENTATIONS = YES;
				CLANG_WARN_DIRECT_OBJC_ISA_USAGE = YES_ERROR;
				CLANG_WARN_DOCUMENTATION_COMMENTS = YES;
				CLANG_WARN_EMPTY_BODY = YES;
				CLANG_WARN_ENUM_CONVERSION = YES;
				CLANG_WARN_INFINITE_RECURSION = YES;
				CLANG_WARN_INT_CONVERSION = YES;
				CLANG_WARN_NON_LITERAL_NULL_CONVERSION = YES;
				CLANG_WARN_OBJC_IMPLICIT_RETAIN_SELF = YES;
				CLANG_WARN_OBJC_LITERAL_CONVERSION = YES;
				CLANG_WARN_OBJC_ROOT_CLASS = YES_ERROR;
				CLANG_WARN_RANGE_LOOP_ANALYSIS = YES;
				CLANG_WARN_STRICT_PROTOTYPES = YES;
				CLANG_WARN_SUSPICIOUS_MOVE = YES;
				CLANG_WARN_UNGUARDED_AVAILABILITY = YES_AGGRESSIVE;
				CLANG_WARN_UNREACHABLE_CODE = YES;
				CLANG_WARN__DUPLICATE_METHOD_MATCH = YES;
				CODE_SIGN_IDENTITY = "iPhone Developer";
				COPY_PHASE_STRIP = NO;
				DEBUG_INFORMATION_FORMAT = "dwarf-with-dsym";
				ENABLE_NS_ASSERTIONS = NO;
				ENABLE_STRICT_OBJC_MSGSEND = YES;
				GCC_C_LANGUAGE_STANDARD = gnu11;
				GCC_NO_COMMON_BLOCKS = YES;
				GCC_WARN_64_TO_32_BIT_CONVERSION = YES;
				GCC_WARN_ABOUT_RETURN_TYPE = YES_ERROR;
				GCC_WARN_UNDECLARED_SELECTOR = YES;
				GCC_WARN_UNINITIALIZED_AUTOS = YES_AGGRESSIVE;
				GCC_WARN_UNUSED_FUNCTION = YES;
				GCC_WARN_UNUSED_VARIABLE = YES;
				IPHONEOS_DEPLOYMENT_TARGET = 11.4;
				MTL_ENABLE_DEBUG_INFO = NO;
				SDKROOT = iphoneos;
				SWIFT_COMPILATION_MODE = wholemodule;
				SWIFT_OPTIMIZATION_LEVEL = "-O";
				VALIDATE_PRODUCT = YES;
			};
			name = Release;
		};
		21B4E951213357F200BE8763 /* Debug */ = {
			isa = XCBuildConfiguration;
			buildSettings = {
				ASSETCATALOG_COMPILER_APPICON_NAME = AppIcon;
				CODE_SIGN_STYLE = Automatic;
				DEVELOPMENT_TEAM = 73REF5W5RY;
				INFOPLIST_FILE = TwoViewNavDetail01/Info.plist;
				LD_RUNPATH_SEARCH_PATHS = (
					"$(inherited)",
					"@executable_path/Frameworks",
				);
				PRODUCT_BUNDLE_IDENTIFIER = com.clarityforaction.TwoViewNavDetail01;
				PRODUCT_NAME = "$(TARGET_NAME)";
				SWIFT_VERSION = 4.0;
				TARGETED_DEVICE_FAMILY = "1,2";
			};
			name = Debug;
		};
		21B4E952213357F200BE8763 /* Release */ = {
			isa = XCBuildConfiguration;
			buildSettings = {
				ASSETCATALOG_COMPILER_APPICON_NAME = AppIcon;
				CODE_SIGN_STYLE = Automatic;
				DEVELOPMENT_TEAM = 73REF5W5RY;
				INFOPLIST_FILE = TwoViewNavDetail01/Info.plist;
				LD_RUNPATH_SEARCH_PATHS = (
					"$(inherited)",
					"@executable_path/Frameworks",
				);
				PRODUCT_BUNDLE_IDENTIFIER = com.clarityforaction.TwoViewNavDetail01;
				PRODUCT_NAME = "$(TARGET_NAME)";
				SWIFT_VERSION = 4.0;
				TARGETED_DEVICE_FAMILY = "1,2";
			};
			name = Release;
		};
/* End XCBuildConfiguration section */

/* Begin XCConfigurationList section */
		21B4E939213357EC00BE8763 /* Build configuration list for PBXProject "TwoViewNavDetail01" */ = {
			isa = XCConfigurationList;
			buildConfigurations = (
				21B4E94E213357F200BE8763 /* Debug */,
				21B4E94F213357F200BE8763 /* Release */,
			);
			defaultConfigurationIsVisible = 0;
			defaultConfigurationName = Release;
		};
		21B4E950213357F200BE8763 /* Build configuration list for PBXNativeTarget "TwoViewNavDetail01" */ = {
			isa = XCConfigurationList;
			buildConfigurations = (
				21B4E951213357F200BE8763 /* Debug */,
				21B4E952213357F200BE8763 /* Release */,
			);
			defaultConfigurationIsVisible = 0;
			defaultConfigurationName = Release;
		};
/* End XCConfigurationList section */
	};
	rootObject = 21B4E936213357EC00BE8763 /* Project object */;
}
